// !$*UTF8*$!
{
	archiveVersion = 1;
	classes = {
	};
	objectVersion = 46;
	objects = {

/* Begin PBXBuildFile section */
		A1DB63611AF83DCE00EC3432 /* AppDelegate.swift in Sources */ = {isa = PBXBuildFile; fileRef = A1DB63601AF83DCE00EC3432 /* AppDelegate.swift */; };
		A1DB63631AF83DCE00EC3432 /* ViewController.swift in Sources */ = {isa = PBXBuildFile; fileRef = A1DB63621AF83DCE00EC3432 /* ViewController.swift */; };
		A1DB63661AF83DCE00EC3432 /* Main.storyboard in Resources */ = {isa = PBXBuildFile; fileRef = A1DB63641AF83DCE00EC3432 /* Main.storyboard */; };
		A1DB63681AF83DCE00EC3432 /* Images.xcassets in Resources */ = {isa = PBXBuildFile; fileRef = A1DB63671AF83DCE00EC3432 /* Images.xcassets */; };
		A1DB636B1AF83DCE00EC3432 /* LaunchScreen.xib in Resources */ = {isa = PBXBuildFile; fileRef = A1DB63691AF83DCE00EC3432 /* LaunchScreen.xib */; };
		A1DB63771AF83DCE00EC3432 /* Web_Service_ExampleTests.swift in Sources */ = {isa = PBXBuildFile; fileRef = A1DB63761AF83DCE00EC3432 /* Web_Service_ExampleTests.swift */; };
		A1DB63941AF8527D00EC3432 /* AFHTTPRequestOperation.m in Sources */ = {isa = PBXBuildFile; fileRef = A1DB63821AF8527D00EC3432 /* AFHTTPRequestOperation.m */; };
		A1DB63951AF8527D00EC3432 /* AFHTTPRequestOperationManager.m in Sources */ = {isa = PBXBuildFile; fileRef = A1DB63841AF8527D00EC3432 /* AFHTTPRequestOperationManager.m */; };
		A1DB63961AF8527D00EC3432 /* AFHTTPSessionManager.m in Sources */ = {isa = PBXBuildFile; fileRef = A1DB63861AF8527D00EC3432 /* AFHTTPSessionManager.m */; };
		A1DB63971AF8527D00EC3432 /* AFNetworkReachabilityManager.m in Sources */ = {isa = PBXBuildFile; fileRef = A1DB63891AF8527D00EC3432 /* AFNetworkReachabilityManager.m */; };
		A1DB63981AF8527D00EC3432 /* AFSecurityPolicy.m in Sources */ = {isa = PBXBuildFile; fileRef = A1DB638B1AF8527D00EC3432 /* AFSecurityPolicy.m */; };
		A1DB63991AF8527D00EC3432 /* AFURLConnectionOperation.m in Sources */ = {isa = PBXBuildFile; fileRef = A1DB638D1AF8527D00EC3432 /* AFURLConnectionOperation.m */; };
		A1DB639A1AF8527D00EC3432 /* AFURLRequestSerialization.m in Sources */ = {isa = PBXBuildFile; fileRef = A1DB638F1AF8527D00EC3432 /* AFURLRequestSerialization.m */; };
		A1DB639B1AF8527D00EC3432 /* AFURLResponseSerialization.m in Sources */ = {isa = PBXBuildFile; fileRef = A1DB63911AF8527D00EC3432 /* AFURLResponseSerialization.m */; };
		A1DB639C1AF8527D00EC3432 /* AFURLSessionManager.m in Sources */ = {isa = PBXBuildFile; fileRef = A1DB63931AF8527D00EC3432 /* AFURLSessionManager.m */; };
/* End PBXBuildFile section */

/* Begin PBXContainerItemProxy section */
		A1DB63711AF83DCE00EC3432 /* PBXContainerItemProxy */ = {
			isa = PBXContainerItemProxy;
			containerPortal = A1DB63531AF83DCE00EC3432 /* Project object */;
			proxyType = 1;
			remoteGlobalIDString = A1DB635A1AF83DCE00EC3432;
			remoteInfo = "Web Service Example";
		};
/* End PBXContainerItemProxy section */

/* Begin PBXFileReference section */
		A15F0E7D1AFB021D0095009A /* bridge.h */ = {isa = PBXFileReference; fileEncoding = 4; lastKnownFileType = sourcecode.c.h; path = bridge.h; sourceTree = "<group>"; };
		A1DB635B1AF83DCE00EC3432 /* Web Service Example.app */ = {isa = PBXFileReference; explicitFileType = wrapper.application; includeInIndex = 0; path = "Web Service Example.app"; sourceTree = BUILT_PRODUCTS_DIR; };
		A1DB635F1AF83DCE00EC3432 /* Info.plist */ = {isa = PBXFileReference; lastKnownFileType = text.plist.xml; path = Info.plist; sourceTree = "<group>"; };
		A1DB63601AF83DCE00EC3432 /* AppDelegate.swift */ = {isa = PBXFileReference; lastKnownFileType = sourcecode.swift; path = AppDelegate.swift; sourceTree = "<group>"; };
		A1DB63621AF83DCE00EC3432 /* ViewController.swift */ = {isa = PBXFileReference; lastKnownFileType = sourcecode.swift; path = ViewController.swift; sourceTree = "<group>"; };
		A1DB63651AF83DCE00EC3432 /* Base */ = {isa = PBXFileReference; lastKnownFileType = file.storyboard; name = Base; path = Base.lproj/Main.storyboard; sourceTree = "<group>"; };
		A1DB63671AF83DCE00EC3432 /* Images.xcassets */ = {isa = PBXFileReference; lastKnownFileType = folder.assetcatalog; path = Images.xcassets; sourceTree = "<group>"; };
		A1DB636A1AF83DCE00EC3432 /* Base */ = {isa = PBXFileReference; lastKnownFileType = file.xib; name = Base; path = Base.lproj/LaunchScreen.xib; sourceTree = "<group>"; };
		A1DB63701AF83DCE00EC3432 /* Web Service ExampleTests.xctest */ = {isa = PBXFileReference; explicitFileType = wrapper.cfbundle; includeInIndex = 0; path = "Web Service ExampleTests.xctest"; sourceTree = BUILT_PRODUCTS_DIR; };
		A1DB63751AF83DCE00EC3432 /* Info.plist */ = {isa = PBXFileReference; lastKnownFileType = text.plist.xml; path = Info.plist; sourceTree = "<group>"; };
		A1DB63761AF83DCE00EC3432 /* Web_Service_ExampleTests.swift */ = {isa = PBXFileReference; lastKnownFileType = sourcecode.swift; path = Web_Service_ExampleTests.swift; sourceTree = "<group>"; };
		A1DB63811AF8527D00EC3432 /* AFHTTPRequestOperation.h */ = {isa = PBXFileReference; fileEncoding = 4; lastKnownFileType = sourcecode.c.h; path = AFHTTPRequestOperation.h; sourceTree = "<group>"; };
		A1DB63821AF8527D00EC3432 /* AFHTTPRequestOperation.m */ = {isa = PBXFileReference; fileEncoding = 4; lastKnownFileType = sourcecode.c.objc; path = AFHTTPRequestOperation.m; sourceTree = "<group>"; };
		A1DB63831AF8527D00EC3432 /* AFHTTPRequestOperationManager.h */ = {isa = PBXFileReference; fileEncoding = 4; lastKnownFileType = sourcecode.c.h; path = AFHTTPRequestOperationManager.h; sourceTree = "<group>"; };
		A1DB63841AF8527D00EC3432 /* AFHTTPRequestOperationManager.m */ = {isa = PBXFileReference; fileEncoding = 4; lastKnownFileType = sourcecode.c.objc; path = AFHTTPRequestOperationManager.m; sourceTree = "<group>"; };
		A1DB63851AF8527D00EC3432 /* AFHTTPSessionManager.h */ = {isa = PBXFileReference; fileEncoding = 4; lastKnownFileType = sourcecode.c.h; path = AFHTTPSessionManager.h; sourceTree = "<group>"; };
		A1DB63861AF8527D00EC3432 /* AFHTTPSessionManager.m */ = {isa = PBXFileReference; fileEncoding = 4; lastKnownFileType = sourcecode.c.objc; path = AFHTTPSessionManager.m; sourceTree = "<group>"; };
		A1DB63871AF8527D00EC3432 /* AFNetworking.h */ = {isa = PBXFileReference; fileEncoding = 4; lastKnownFileType = sourcecode.c.h; path = AFNetworking.h; sourceTree = "<group>"; };
		A1DB63881AF8527D00EC3432 /* AFNetworkReachabilityManager.h */ = {isa = PBXFileReference; fileEncoding = 4; lastKnownFileType = sourcecode.c.h; path = AFNetworkReachabilityManager.h; sourceTree = "<group>"; };
		A1DB63891AF8527D00EC3432 /* AFNetworkReachabilityManager.m */ = {isa = PBXFileReference; fileEncoding = 4; lastKnownFileType = sourcecode.c.objc; path = AFNetworkReachabilityManager.m; sourceTree = "<group>"; };
		A1DB638A1AF8527D00EC3432 /* AFSecurityPolicy.h */ = {isa = PBXFileReference; fileEncoding = 4; lastKnownFileType = sourcecode.c.h; path = AFSecurityPolicy.h; sourceTree = "<group>"; };
		A1DB638B1AF8527D00EC3432 /* AFSecurityPolicy.m */ = {isa = PBXFileReference; fileEncoding = 4; lastKnownFileType = sourcecode.c.objc; path = AFSecurityPolicy.m; sourceTree = "<group>"; };
		A1DB638C1AF8527D00EC3432 /* AFURLConnectionOperation.h */ = {isa = PBXFileReference; fileEncoding = 4; lastKnownFileType = sourcecode.c.h; path = AFURLConnectionOperation.h; sourceTree = "<group>"; };
		A1DB638D1AF8527D00EC3432 /* AFURLConnectionOperation.m */ = {isa = PBXFileReference; fileEncoding = 4; lastKnownFileType = sourcecode.c.objc; path = AFURLConnectionOperation.m; sourceTree = "<group>"; };
		A1DB638E1AF8527D00EC3432 /* AFURLRequestSerialization.h */ = {isa = PBXFileReference; fileEncoding = 4; lastKnownFileType = sourcecode.c.h; path = AFURLRequestSerialization.h; sourceTree = "<group>"; };
		A1DB638F1AF8527D00EC3432 /* AFURLRequestSerialization.m */ = {isa = PBXFileReference; fileEncoding = 4; lastKnownFileType = sourcecode.c.objc; path = AFURLRequestSerialization.m; sourceTree = "<group>"; };
		A1DB63901AF8527D00EC3432 /* AFURLResponseSerialization.h */ = {isa = PBXFileReference; fileEncoding = 4; lastKnownFileType = sourcecode.c.h; path = AFURLResponseSerialization.h; sourceTree = "<group>"; };
		A1DB63911AF8527D00EC3432 /* AFURLResponseSerialization.m */ = {isa = PBXFileReference; fileEncoding = 4; lastKnownFileType = sourcecode.c.objc; path = AFURLResponseSerialization.m; sourceTree = "<group>"; };
		A1DB63921AF8527D00EC3432 /* AFURLSessionManager.h */ = {isa = PBXFileReference; fileEncoding = 4; lastKnownFileType = sourcecode.c.h; path = AFURLSessionManager.h; sourceTree = "<group>"; };
		A1DB63931AF8527D00EC3432 /* AFURLSessionManager.m */ = {isa = PBXFileReference; fileEncoding = 4; lastKnownFileType = sourcecode.c.objc; path = AFURLSessionManager.m; sourceTree = "<group>"; };
/* End PBXFileReference section */

/* Begin PBXFrameworksBuildPhase section */
		A1DB63581AF83DCE00EC3432 /* Frameworks */ = {
			isa = PBXFrameworksBuildPhase;
			buildActionMask = 2147483647;
			files = (
			);
			runOnlyForDeploymentPostprocessing = 0;
		};
		A1DB636D1AF83DCE00EC3432 /* Frameworks */ = {
			isa = PBXFrameworksBuildPhase;
			buildActionMask = 2147483647;
			files = (
			);
			runOnlyForDeploymentPostprocessing = 0;
		};
/* End PBXFrameworksBuildPhase section */

/* Begin PBXGroup section */
		A1DB63521AF83DCE00EC3432 = {
			isa = PBXGroup;
			children = (
				A15F0E7D1AFB021D0095009A /* bridge.h */,
				A1DB63801AF8527D00EC3432 /* AFNetworking */,
				A1DB635D1AF83DCE00EC3432 /* Web Service Example */,
				A1DB63731AF83DCE00EC3432 /* Web Service ExampleTests */,
				A1DB635C1AF83DCE00EC3432 /* Products */,
			);
			sourceTree = "<group>";
		};
		A1DB635C1AF83DCE00EC3432 /* Products */ = {
			isa = PBXGroup;
			children = (
				A1DB635B1AF83DCE00EC3432 /* Web Service Example.app */,
				A1DB63701AF83DCE00EC3432 /* Web Service ExampleTests.xctest */,
			);
			name = Products;
			sourceTree = "<group>";
		};
		A1DB635D1AF83DCE00EC3432 /* Web Service Example */ = {
			isa = PBXGroup;
			children = (
				A1DB63601AF83DCE00EC3432 /* AppDelegate.swift */,
				A1DB63621AF83DCE00EC3432 /* ViewController.swift */,
				A1DB63641AF83DCE00EC3432 /* Main.storyboard */,
				A1DB63671AF83DCE00EC3432 /* Images.xcassets */,
				A1DB63691AF83DCE00EC3432 /* LaunchScreen.xib */,
				A1DB635E1AF83DCE00EC3432 /* Supporting Files */,
			);
			path = "Web Service Example";
			sourceTree = "<group>";
		};
		A1DB635E1AF83DCE00EC3432 /* Supporting Files */ = {
			isa = PBXGroup;
			children = (
				A1DB635F1AF83DCE00EC3432 /* Info.plist */,
			);
			name = "Supporting Files";
			sourceTree = "<group>";
		};
		A1DB63731AF83DCE00EC3432 /* Web Service ExampleTests */ = {
			isa = PBXGroup;
			children = (
				A1DB63761AF83DCE00EC3432 /* Web_Service_ExampleTests.swift */,
				A1DB63741AF83DCE00EC3432 /* Supporting Files */,
			);
			path = "Web Service ExampleTests";
			sourceTree = "<group>";
		};
		A1DB63741AF83DCE00EC3432 /* Supporting Files */ = {
			isa = PBXGroup;
			children = (
				A1DB63751AF83DCE00EC3432 /* Info.plist */,
			);
			name = "Supporting Files";
			sourceTree = "<group>";
		};
		A1DB63801AF8527D00EC3432 /* AFNetworking */ = {
			isa = PBXGroup;
			children = (
				A1DB63811AF8527D00EC3432 /* AFHTTPRequestOperation.h */,
				A1DB63821AF8527D00EC3432 /* AFHTTPRequestOperation.m */,
				A1DB63831AF8527D00EC3432 /* AFHTTPRequestOperationManager.h */,
				A1DB63841AF8527D00EC3432 /* AFHTTPRequestOperationManager.m */,
				A1DB63851AF8527D00EC3432 /* AFHTTPSessionManager.h */,
				A1DB63861AF8527D00EC3432 /* AFHTTPSessionManager.m */,
				A1DB63871AF8527D00EC3432 /* AFNetworking.h */,
				A1DB63881AF8527D00EC3432 /* AFNetworkReachabilityManager.h */,
				A1DB63891AF8527D00EC3432 /* AFNetworkReachabilityManager.m */,
				A1DB638A1AF8527D00EC3432 /* AFSecurityPolicy.h */,
				A1DB638B1AF8527D00EC3432 /* AFSecurityPolicy.m */,
				A1DB638C1AF8527D00EC3432 /* AFURLConnectionOperation.h */,
				A1DB638D1AF8527D00EC3432 /* AFURLConnectionOperation.m */,
				A1DB638E1AF8527D00EC3432 /* AFURLRequestSerialization.h */,
				A1DB638F1AF8527D00EC3432 /* AFURLRequestSerialization.m */,
				A1DB63901AF8527D00EC3432 /* AFURLResponseSerialization.h */,
				A1DB63911AF8527D00EC3432 /* AFURLResponseSerialization.m */,
				A1DB63921AF8527D00EC3432 /* AFURLSessionManager.h */,
				A1DB63931AF8527D00EC3432 /* AFURLSessionManager.m */,
			);
			name = AFNetworking;
			path = "Web Service Example/AFNetworking";
			sourceTree = "<group>";
		};
/* End PBXGroup section */

/* Begin PBXNativeTarget section */
		A1DB635A1AF83DCE00EC3432 /* Web Service Example */ = {
			isa = PBXNativeTarget;
			buildConfigurationList = A1DB637A1AF83DCE00EC3432 /* Build configuration list for PBXNativeTarget "Web Service Example" */;
			buildPhases = (
				A1DB63571AF83DCE00EC3432 /* Sources */,
				A1DB63581AF83DCE00EC3432 /* Frameworks */,
				A1DB63591AF83DCE00EC3432 /* Resources */,
			);
			buildRules = (
			);
			dependencies = (
			);
			name = "Web Service Example";
			productName = "Web Service Example";
			productReference = A1DB635B1AF83DCE00EC3432 /* Web Service Example.app */;
			productType = "com.apple.product-type.application";
		};
		A1DB636F1AF83DCE00EC3432 /* Web Service ExampleTests */ = {
			isa = PBXNativeTarget;
			buildConfigurationList = A1DB637D1AF83DCE00EC3432 /* Build configuration list for PBXNativeTarget "Web Service ExampleTests" */;
			buildPhases = (
				A1DB636C1AF83DCE00EC3432 /* Sources */,
				A1DB636D1AF83DCE00EC3432 /* Frameworks */,
				A1DB636E1AF83DCE00EC3432 /* Resources */,
			);
			buildRules = (
			);
			dependencies = (
				A1DB63721AF83DCE00EC3432 /* PBXTargetDependency */,
			);
			name = "Web Service ExampleTests";
			productName = "Web Service ExampleTests";
			productReference = A1DB63701AF83DCE00EC3432 /* Web Service ExampleTests.xctest */;
			productType = "com.apple.product-type.bundle.unit-test";
		};
/* End PBXNativeTarget section */

/* Begin PBXProject section */
		A1DB63531AF83DCE00EC3432 /* Project object */ = {
			isa = PBXProject;
			attributes = {
				LastUpgradeCheck = 0630;
				ORGANIZATIONNAME = "Rick Felty";
				TargetAttributes = {
					A1DB635A1AF83DCE00EC3432 = {
						CreatedOnToolsVersion = 6.3.1;
					};
					A1DB636F1AF83DCE00EC3432 = {
						CreatedOnToolsVersion = 6.3.1;
						TestTargetID = A1DB635A1AF83DCE00EC3432;
					};
				};
			};
			buildConfigurationList = A1DB63561AF83DCE00EC3432 /* Build configuration list for PBXProject "Web Service Example" */;
			compatibilityVersion = "Xcode 3.2";
			developmentRegion = English;
			hasScannedForEncodings = 0;
			knownRegions = (
				en,
				Base,
			);
			mainGroup = A1DB63521AF83DCE00EC3432;
			productRefGroup = A1DB635C1AF83DCE00EC3432 /* Products */;
			projectDirPath = "";
			projectRoot = "";
			targets = (
				A1DB635A1AF83DCE00EC3432 /* Web Service Example */,
				A1DB636F1AF83DCE00EC3432 /* Web Service ExampleTests */,
			);
		};
/* End PBXProject section */

/* Begin PBXResourcesBuildPhase section */
		A1DB63591AF83DCE00EC3432 /* Resources */ = {
			isa = PBXResourcesBuildPhase;
			buildActionMask = 2147483647;
			files = (
				A1DB63661AF83DCE00EC3432 /* Main.storyboard in Resources */,
				A1DB636B1AF83DCE00EC3432 /* LaunchScreen.xib in Resources */,
				A1DB63681AF83DCE00EC3432 /* Images.xcassets in Resources */,
			);
			runOnlyForDeploymentPostprocessing = 0;
		};
		A1DB636E1AF83DCE00EC3432 /* Resources */ = {
			isa = PBXResourcesBuildPhase;
			buildActionMask = 2147483647;
			files = (
			);
			runOnlyForDeploymentPostprocessing = 0;
		};
/* End PBXResourcesBuildPhase section */

/* Begin PBXSourcesBuildPhase section */
		A1DB63571AF83DCE00EC3432 /* Sources */ = {
			isa = PBXSourcesBuildPhase;
			buildActionMask = 2147483647;
			files = (
				A1DB639A1AF8527D00EC3432 /* AFURLRequestSerialization.m in Sources */,
				A1DB63991AF8527D00EC3432 /* AFURLConnectionOperation.m in Sources */,
				A1DB63981AF8527D00EC3432 /* AFSecurityPolicy.m in Sources */,
				A1DB63941AF8527D00EC3432 /* AFHTTPRequestOperation.m in Sources */,
				A1DB639C1AF8527D00EC3432 /* AFURLSessionManager.m in Sources */,
				A1DB639B1AF8527D00EC3432 /* AFURLResponseSerialization.m in Sources */,
				A1DB63631AF83DCE00EC3432 /* ViewController.swift in Sources */,
				A1DB63961AF8527D00EC3432 /* AFHTTPSessionManager.m in Sources */,
				A1DB63951AF8527D00EC3432 /* AFHTTPRequestOperationManager.m in Sources */,
				A1DB63971AF8527D00EC3432 /* AFNetworkReachabilityManager.m in Sources */,
				A1DB63611AF83DCE00EC3432 /* AppDelegate.swift in Sources */,
			);
			runOnlyForDeploymentPostprocessing = 0;
		};
		A1DB636C1AF83DCE00EC3432 /* Sources */ = {
			isa = PBXSourcesBuildPhase;
			buildActionMask = 2147483647;
			files = (
				A1DB63771AF83DCE00EC3432 /* Web_Service_ExampleTests.swift in Sources */,
			);
			runOnlyForDeploymentPostprocessing = 0;
		};
/* End PBXSourcesBuildPhase section */

/* Begin PBXTargetDependency section */
		A1DB63721AF83DCE00EC3432 /* PBXTargetDependency */ = {
			isa = PBXTargetDependency;
			target = A1DB635A1AF83DCE00EC3432 /* Web Service Example */;
			targetProxy = A1DB63711AF83DCE00EC3432 /* PBXContainerItemProxy */;
		};
/* End PBXTargetDependency section */

/* Begin PBXVariantGroup section */
		A1DB63641AF83DCE00EC3432 /* Main.storyboard */ = {
			isa = PBXVariantGroup;
			children = (
				A1DB63651AF83DCE00EC3432 /* Base */,
			);
			name = Main.storyboard;
			sourceTree = "<group>";
		};
		A1DB63691AF83DCE00EC3432 /* LaunchScreen.xib */ = {
			isa = PBXVariantGroup;
			children = (
				A1DB636A1AF83DCE00EC3432 /* Base */,
			);
			name = LaunchScreen.xib;
			sourceTree = "<group>";
		};
/* End PBXVariantGroup section */

/* Begin XCBuildConfiguration section */
		A1DB63781AF83DCE00EC3432 /* Debug */ = {
			isa = XCBuildConfiguration;
			buildSettings = {
				ALWAYS_SEARCH_USER_PATHS = NO;
				CLANG_CXX_LANGUAGE_STANDARD = "gnu++0x";
				CLANG_CXX_LIBRARY = "libc++";
				CLANG_ENABLE_MODULES = YES;
				CLANG_ENABLE_OBJC_ARC = YES;
				CLANG_WARN_BOOL_CONVERSION = YES;
				CLANG_WARN_CONSTANT_CONVERSION = YES;
				CLANG_WARN_DIRECT_OBJC_ISA_USAGE = YES_ERROR;
				CLANG_WARN_EMPTY_BODY = YES;
				CLANG_WARN_ENUM_CONVERSION = YES;
				CLANG_WARN_INT_CONVERSION = YES;
				CLANG_WARN_OBJC_ROOT_CLASS = YES_ERROR;
				CLANG_WARN_UNREACHABLE_CODE = YES;
				CLANG_WARN__DUPLICATE_METHOD_MATCH = YES;
				"CODE_SIGN_IDENTITY[sdk=iphoneos*]" = "iPhone Developer";
				COPY_PHASE_STRIP = NO;
				DEBUG_INFORMATION_FORMAT = "dwarf-with-dsym";
				ENABLE_STRICT_OBJC_MSGSEND = YES;
				GCC_C_LANGUAGE_STANDARD = gnu99;
				GCC_DYNAMIC_NO_PIC = NO;
				GCC_NO_COMMON_BLOCKS = YES;
				GCC_OPTIMIZATION_LEVEL = 0;
				GCC_PREPROCESSOR_DEFINITIONS = (
					"DEBUG=1",
					"$(inherited)",
				);
				GCC_SYMBOLS_PRIVATE_EXTERN = NO;
				GCC_WARN_64_TO_32_BIT_CONVERSION = YES;
				GCC_WARN_ABOUT_RETURN_TYPE = YES_ERROR;
				GCC_WARN_UNDECLARED_SELECTOR = YES;
				GCC_WARN_UNINITIALIZED_AUTOS = YES_AGGRESSIVE;
				GCC_WARN_UNUSED_FUNCTION = YES;
				GCC_WARN_UNUSED_VARIABLE = YES;
				IPHONEOS_DEPLOYMENT_TARGET = 8.3;
				MTL_ENABLE_DEBUG_INFO = YES;
				ONLY_ACTIVE_ARCH = YES;
				SDKROOT = iphoneos;
				SWIFT_OPTIMIZATION_LEVEL = "-Onone";
				TARGETED_DEVICE_FAMILY = "1,2";
			};
			name = Debug;
		};
		A1DB63791AF83DCE00EC3432 /* Release */ = {
			isa = XCBuildConfiguration;
			buildSettings = {
				ALWAYS_SEARCH_USER_PATHS = NO;
				CLANG_CXX_LANGUAGE_STANDARD = "gnu++0x";
				CLANG_CXX_LIBRARY = "libc++";
				CLANG_ENABLE_MODULES = YES;
				CLANG_ENABLE_OBJC_ARC = YES;
				CLANG_WARN_BOOL_CONVERSION = YES;
				CLANG_WARN_CONSTANT_CONVERSION = YES;
				CLANG_WARN_DIRECT_OBJC_ISA_USAGE = YES_ERROR;
				CLANG_WARN_EMPTY_BODY = YES;
				CLANG_WARN_ENUM_CONVERSION = YES;
				CLANG_WARN_INT_CONVERSION = YES;
				CLANG_WARN_OBJC_ROOT_CLASS = YES_ERROR;
				CLANG_WARN_UNREACHABLE_CODE = YES;
				CLANG_WARN__DUPLICATE_METHOD_MATCH = YES;
				"CODE_SIGN_IDENTITY[sdk=iphoneos*]" = "iPhone Developer";
				COPY_PHASE_STRIP = NO;
				DEBUG_INFORMATION_FORMAT = "dwarf-with-dsym";
				ENABLE_NS_ASSERTIONS = NO;
				ENABLE_STRICT_OBJC_MSGSEND = YES;
				GCC_C_LANGUAGE_STANDARD = gnu99;
				GCC_NO_COMMON_BLOCKS = YES;
				GCC_WARN_64_TO_32_BIT_CONVERSION = YES;
				GCC_WARN_ABOUT_RETURN_TYPE = YES_ERROR;
				GCC_WARN_UNDECLARED_SELECTOR = YES;
				GCC_WARN_UNINITIALIZED_AUTOS = YES_AGGRESSIVE;
				GCC_WARN_UNUSED_FUNCTION = YES;
				GCC_WARN_UNUSED_VARIABLE = YES;
				IPHONEOS_DEPLOYMENT_TARGET = 8.3;
				MTL_ENABLE_DEBUG_INFO = NO;
				SDKROOT = iphoneos;
				TARGETED_DEVICE_FAMILY = "1,2";
				VALIDATE_PRODUCT = YES;
			};
			name = Release;
		};
		A1DB637B1AF83DCE00EC3432 /* Debug */ = {
			isa = XCBuildConfiguration;
			buildSettings = {
				ASSETCATALOG_COMPILER_APPICON_NAME = AppIcon;
				DEFINES_MODULE = YES;
				INFOPLIST_FILE = "Web Service Example/Info.plist";
				LD_RUNPATH_SEARCH_PATHS = "$(inherited) @executable_path/Frameworks";
				PRODUCT_NAME = "$(TARGET_NAME)";
				SWIFT_OBJC_BRIDGING_HEADER = bridge.h;
			};
			name = Debug;
		};
		A1DB637C1AF83DCE00EC3432 /* Release */ = {
			isa = XCBuildConfiguration;
			buildSettings = {
				ASSETCATALOG_COMPILER_APPICON_NAME = AppIcon;
				DEFINES_MODULE = YES;
				INFOPLIST_FILE = "Web Service Example/Info.plist";
				LD_RUNPATH_SEARCH_PATHS = "$(inherited) @executable_path/Frameworks";
				PRODUCT_NAME = "$(TARGET_NAME)";
				SWIFT_OBJC_BRIDGING_HEADER = bridge.h;
			};
			name = Release;
		};
		A1DB637E1AF83DCE00EC3432 /* Debug */ = {
			isa = XCBuildConfiguration;
			buildSettings = {
				BUNDLE_LOADER = "$(TEST_HOST)";
				FRAMEWORK_SEARCH_PATHS = (
					"$(SDKROOT)/Developer/Library/Frameworks",
					"$(inherited)",
				);
				GCC_PREPROCESSOR_DEFINITIONS = (
					"DEBUG=1",
					"$(inherited)",
				);
				INFOPLIST_FILE = "Web Service ExampleTests/Info.plist";
				LD_RUNPATH_SEARCH_PATHS = "$(inherited) @executable_path/Frameworks @loader_path/Frameworks";
				PRODUCT_NAME = "$(TARGET_NAME)";
				TEST_HOST = "$(BUILT_PRODUCTS_DIR)/Web Service Example.app/Web Service Example";
			};
			name = Debug;
		};
		A1DB637F1AF83DCE00EC3432 /* Release */ = {
			isa = XCBuildConfiguration;
			buildSettings = {
				BUNDLE_LOADER = "$(TEST_HOST)";
				FRAMEWORK_SEARCH_PATHS = (
					"$(SDKROOT)/Developer/Library/Frameworks",
					"$(inherited)",
				);
				INFOPLIST_FILE = "Web Service ExampleTests/Info.plist";
				LD_RUNPATH_SEARCH_PATHS = "$(inherited) @executable_path/Frameworks @loader_path/Frameworks";
				PRODUCT_NAME = "$(TARGET_NAME)";
				TEST_HOST = "$(BUILT_PRODUCTS_DIR)/Web Service Example.app/Web Service Example";
			};
			name = Release;
		};
/* End XCBuildConfiguration section */

/* Begin XCConfigurationList section */
		A1DB63561AF83DCE00EC3432 /* Build configuration list for PBXProject "Web Service Example" */ = {
			isa = XCConfigurationList;
			buildConfigurations = (
				A1DB63781AF83DCE00EC3432 /* Debug */,
				A1DB63791AF83DCE00EC3432 /* Release */,
			);
			defaultConfigurationIsVisible = 0;
			defaultConfigurationName = Release;
		};
		A1DB637A1AF83DCE00EC3432 /* Build configuration list for PBXNativeTarget "Web Service Example" */ = {
			isa = XCConfigurationList;
			buildConfigurations = (
				A1DB637B1AF83DCE00EC3432 /* Debug */,
				A1DB637C1AF83DCE00EC3432 /* Release */,
			);
			defaultConfigurationIsVisible = 0;
			defaultConfigurationName = Release;
		};
		A1DB637D1AF83DCE00EC3432 /* Build configuration list for PBXNativeTarget "Web Service ExampleTests" */ = {
			isa = XCConfigurationList;
			buildConfigurations = (
				A1DB637E1AF83DCE00EC3432 /* Debug */,
				A1DB637F1AF83DCE00EC3432 /* Release */,
			);
			defaultConfigurationIsVisible = 0;
			defaultConfigurationName = Release;
		};
/* End XCConfigurationList section */
	};
	rootObject = A1DB63531AF83DCE00EC3432 /* Project object */;
}
